
Microsoft Visual Studio Solution File, Format Version 12.00
# Visual Studio 15
VisualStudioVersion = 15.0.27428.2037
MinimumVisualStudioVersion = 10.0.40219.1
Project("{9A19103F-16F7-4668-BE54-9A1E7A4F7556}") = "AuctionDatabaseService.Facades.Database", "AuctionDatabaseService.Facades.Database\AuctionDatabaseService.Facades.Database.csproj", "{A25BCAF3-576C-4B4D-9DC9-FEDF778B4873}"
EndProject
Project("{9A19103F-16F7-4668-BE54-9A1E7A4F7556}") = "AuctionDatabaseService.BusinessLayer", "AuctionDatabaseService.BusinessLayer\AuctionDatabaseService.BusinessLayer.csproj", "{F569FFE0-C62A-4433-9EE0-4288C869AB91}"
EndProject
Project("{9A19103F-16F7-4668-BE54-9A1E7A4F7556}") = "AuctionDatabaseService.Models", "AuctionDatabaseService.Models\AuctionDatabaseService.Models.csproj", "{1D85E759-24EE-4F4F-9A60-189B5EE61743}"
EndProject
Project("{9A19103F-16F7-4668-BE54-9A1E7A4F7556}") = "AuctionDatabaseService.Utilities", "AuctionDatabaseService.Utilities\AuctionDatabaseService.Utilities.csproj", "{CA509427-85A1-4339-B408-996F4C138923}"
EndProject
Project("{FAE04EC0-301F-11D3-BF4B-00C04F79EFBC}") = "AuctionDatabaseService", "AuctionDatabaseService\AuctionDatabaseService.csproj", "{6BDD6CCE-4F31-49E4-AF9A-638E53A69C0C}"
EndProject
Global
	GlobalSection(SolutionConfigurationPlatforms) = preSolution
		Debug|Any CPU = Debug|Any CPU
		Release|Any CPU = Release|Any CPU
	EndGlobalSection
	GlobalSection(ProjectConfigurationPlatforms) = postSolution
		{A25BCAF3-576C-4B4D-9DC9-FEDF778B4873}.Debug|Any CPU.ActiveCfg = Debug|Any CPU
		{A25BCAF3-576C-4B4D-9DC9-FEDF778B4873}.Debug|Any CPU.Build.0 = Debug|Any CPU
		{A25BCAF3-576C-4B4D-9DC9-FEDF778B4873}.Release|Any CPU.ActiveCfg = Release|Any CPU
		{A25BCAF3-576C-4B4D-9DC9-FEDF778B4873}.Release|Any CPU.Build.0 = Release|Any CPU
		{F569FFE0-C62A-4433-9EE0-4288C869AB91}.Debug|Any CPU.ActiveCfg = Debug|Any CPU
		{F569FFE0-C62A-4433-9EE0-4288C869AB91}.Debug|Any CPU.Build.0 = Debug|Any CPU
		{F569FFE0-C62A-4433-9EE0-4288C869AB91}.Release|Any CPU.ActiveCfg = Release|Any CPU
		{F569FFE0-C62A-4433-9EE0-4288C869AB91}.Release|Any CPU.Build.0 = Release|Any CPU
		{1D85E759-24EE-4F4F-9A60-189B5EE61743}.Debug|Any CPU.ActiveCfg = Debug|Any CPU
		{1D85E759-24EE-4F4F-9A60-189B5EE61743}.Debug|Any CPU.Build.0 = Debug|Any CPU
		{1D85E759-24EE-4F4F-9A60-189B5EE61743}.Release|Any CPU.ActiveCfg = Release|Any CPU
		{1D85E759-24EE-4F4F-9A60-189B5EE61743}.Release|Any CPU.Build.0 = Release|Any CPU
		{CA509427-85A1-4339-B408-996F4C138923}.Debug|Any CPU.ActiveCfg = Debug|Any CPU
		{CA509427-85A1-4339-B408-996F4C138923}.Debug|Any CPU.Build.0 = Debug|Any CPU
		{CA509427-85A1-4339-B408-996F4C138923}.Release|Any CPU.ActiveCfg = Release|Any CPU
		{CA509427-85A1-4339-B408-996F4C138923}.Release|Any CPU.Build.0 = Release|Any CPU
		{6BDD6CCE-4F31-49E4-AF9A-638E53A69C0C}.Debug|Any CPU.ActiveCfg = Debug|Any CPU
		{6BDD6CCE-4F31-49E4-AF9A-638E53A69C0C}.Debug|Any CPU.Build.0 = Debug|Any CPU
		{6BDD6CCE-4F31-49E4-AF9A-638E53A69C0C}.Release|Any CPU.ActiveCfg = Release|Any CPU
		{6BDD6CCE-4F31-49E4-AF9A-638E53A69C0C}.Release|Any CPU.Build.0 = Release|Any CPU
	EndGlobalSection
	GlobalSection(SolutionProperties) = preSolution
		HideSolutionNode = FALSE
	EndGlobalSection
	GlobalSection(ExtensibilityGlobals) = postSolution
		SolutionGuid = {B800B1C3-75F6-4758-88B4-192A4EFD9E9D}
	EndGlobalSection
EndGlobal
